
Microsoft Visual Studio Solution File, Format Version 12.00
# Visual Studio Version 16
VisualStudioVersion = 16.0.31321.278
MinimumVisualStudioVersion = 10.0.40219.1
Project("{FAE04EC0-301F-11D3-BF4B-00C04F79EFBC}") = "ChauvenetCriterionPresenter", "ChauvenetCriterion\ChauvenetCriterionPresenter.csproj", "{331E21BE-9632-4C78-B6AA-5B6BFF40A3B5}"
EndProject
Project("{FAE04EC0-301F-11D3-BF4B-00C04F79EFBC}") = "ChauvenetCriterionLib", "ChauvenetCriterionLib\ChauvenetCriterionLib.csproj", "{FA835C32-137B-4685-8ED8-8D5EA41E8E5E}"
EndProject
Global
	GlobalSection(SolutionConfigurationPlatforms) = preSolution
		Debug|Any CPU = Debug|Any CPU
		Release|Any CPU = Release|Any CPU
	EndGlobalSection
	GlobalSection(ProjectConfigurationPlatforms) = postSolution
		{331E21BE-9632-4C78-B6AA-5B6BFF40A3B5}.Debug|Any CPU.ActiveCfg = Debug|Any CPU
		{331E21BE-9632-4C78-B6AA-5B6BFF40A3B5}.Debug|Any CPU.Build.0 = Debug|Any CPU
		{331E21BE-9632-4C78-B6AA-5B6BFF40A3B5}.Release|Any CPU.ActiveCfg = Release|Any CPU
		{331E21BE-9632-4C78-B6AA-5B6BFF40A3B5}.Release|Any CPU.Build.0 = Release|Any CPU
		{FA835C32-137B-4685-8ED8-8D5EA41E8E5E}.Debug|Any CPU.ActiveCfg = Debug|Any CPU
		{FA835C32-137B-4685-8ED8-8D5EA41E8E5E}.Debug|Any CPU.Build.0 = Debug|Any CPU
		{FA835C32-137B-4685-8ED8-8D5EA41E8E5E}.Release|Any CPU.ActiveCfg = Release|Any CPU
		{FA835C32-137B-4685-8ED8-8D5EA41E8E5E}.Release|Any CPU.Build.0 = Release|Any CPU
	EndGlobalSection
	GlobalSection(SolutionProperties) = preSolution
		HideSolutionNode = FALSE
	EndGlobalSection
	GlobalSection(ExtensibilityGlobals) = postSolution
		SolutionGuid = {ED680991-653B-4C69-BEC2-67069148DC32}
	EndGlobalSection
EndGlobal
